
Microsoft Visual Studio Solution File, Format Version 12.00
# Visual Studio 2012
Project("{FAE04EC0-301F-11D3-BF4B-00C04F79EFBC}") = "Zhongyi.Core", "Zhongyi.Core\Zhongyi.Core.csproj", "{1EAED0DE-9684-4696-9E3D-CA3ED152CA7B}"
EndProject
Project("{FAE04EC0-301F-11D3-BF4B-00C04F79EFBC}") = "Zhongyi.Api", "Zhongyi.Api\Zhongyi.Api.csproj", "{3EE0F240-3FA9-42B3-A519-092BFD830BD1}"
EndProject
Project("{FAE04EC0-301F-11D3-BF4B-00C04F79EFBC}") = "Zhongyi.Data", "Zhongyi.Data\Zhongyi.Data.csproj", "{5C157BFE-D79C-40C2-A8BC-3124A8271164}"
EndProject
Project("{FAE04EC0-301F-11D3-BF4B-00C04F79EFBC}") = "Zhongyi.Service", "Zhongyi.Service\Zhongyi.Service.csproj", "{36B620A5-CCDE-4F5E-84DA-D78DCF01ED21}"
EndProject
Project("{FAE04EC0-301F-11D3-BF4B-00C04F79EFBC}") = "Zhongyi.ConsoleApplication", "Zhongyi.ConsoleApplication\Zhongyi.ConsoleApplication.csproj", "{F2062272-FA2F-4172-9F93-0EF04CD3C14B}"
EndProject
Project("{FAE04EC0-301F-11D3-BF4B-00C04F79EFBC}") = "Zhongyi.Tests", "Zhongyi.Tests\Zhongyi.Tests.csproj", "{A9A8D519-AFAD-468D-A279-B04D9F7BDF0B}"
EndProject
Global
	GlobalSection(SolutionConfigurationPlatforms) = preSolution
		Debug|Any CPU = Debug|Any CPU
		Release|Any CPU = Release|Any CPU
	EndGlobalSection
	GlobalSection(ProjectConfigurationPlatforms) = postSolution
		{1EAED0DE-9684-4696-9E3D-CA3ED152CA7B}.Debug|Any CPU.ActiveCfg = Debug|Any CPU
		{1EAED0DE-9684-4696-9E3D-CA3ED152CA7B}.Debug|Any CPU.Build.0 = Debug|Any CPU
		{1EAED0DE-9684-4696-9E3D-CA3ED152CA7B}.Release|Any CPU.ActiveCfg = Release|Any CPU
		{1EAED0DE-9684-4696-9E3D-CA3ED152CA7B}.Release|Any CPU.Build.0 = Release|Any CPU
		{3EE0F240-3FA9-42B3-A519-092BFD830BD1}.Debug|Any CPU.ActiveCfg = Debug|Any CPU
		{3EE0F240-3FA9-42B3-A519-092BFD830BD1}.Debug|Any CPU.Build.0 = Debug|Any CPU
		{3EE0F240-3FA9-42B3-A519-092BFD830BD1}.Release|Any CPU.ActiveCfg = Release|Any CPU
		{3EE0F240-3FA9-42B3-A519-092BFD830BD1}.Release|Any CPU.Build.0 = Release|Any CPU
		{5C157BFE-D79C-40C2-A8BC-3124A8271164}.Debug|Any CPU.ActiveCfg = Debug|Any CPU
		{5C157BFE-D79C-40C2-A8BC-3124A8271164}.Debug|Any CPU.Build.0 = Debug|Any CPU
		{5C157BFE-D79C-40C2-A8BC-3124A8271164}.Release|Any CPU.ActiveCfg = Release|Any CPU
		{5C157BFE-D79C-40C2-A8BC-3124A8271164}.Release|Any CPU.Build.0 = Release|Any CPU
		{36B620A5-CCDE-4F5E-84DA-D78DCF01ED21}.Debug|Any CPU.ActiveCfg = Debug|Any CPU
		{36B620A5-CCDE-4F5E-84DA-D78DCF01ED21}.Debug|Any CPU.Build.0 = Debug|Any CPU
		{36B620A5-CCDE-4F5E-84DA-D78DCF01ED21}.Release|Any CPU.ActiveCfg = Release|Any CPU
		{36B620A5-CCDE-4F5E-84DA-D78DCF01ED21}.Release|Any CPU.Build.0 = Release|Any CPU
		{F2062272-FA2F-4172-9F93-0EF04CD3C14B}.Debug|Any CPU.ActiveCfg = Debug|Any CPU
		{F2062272-FA2F-4172-9F93-0EF04CD3C14B}.Debug|Any CPU.Build.0 = Debug|Any CPU
		{F2062272-FA2F-4172-9F93-0EF04CD3C14B}.Release|Any CPU.ActiveCfg = Release|Any CPU
		{F2062272-FA2F-4172-9F93-0EF04CD3C14B}.Release|Any CPU.Build.0 = Release|Any CPU
		{A9A8D519-AFAD-468D-A279-B04D9F7BDF0B}.Debug|Any CPU.ActiveCfg = Debug|Any CPU
		{A9A8D519-AFAD-468D-A279-B04D9F7BDF0B}.Debug|Any CPU.Build.0 = Debug|Any CPU
		{A9A8D519-AFAD-468D-A279-B04D9F7BDF0B}.Release|Any CPU.ActiveCfg = Release|Any CPU
		{A9A8D519-AFAD-468D-A279-B04D9F7BDF0B}.Release|Any CPU.Build.0 = Release|Any CPU
	EndGlobalSection
	GlobalSection(SolutionProperties) = preSolution
		HideSolutionNode = FALSE
	EndGlobalSection
EndGlobal
